lockfileVersion: '9.0'

settings:
  autoInstallPeers: true
  excludeLinksFromLockfile: false

importers:

  .: {}

  apps/server: {}

  apps/web: {}

  packages/config: {}

  packages/config/eslint: {}

  packages/config/prettier: {}

  packages/config/tsconfig: {}

  packages/types: {}

  packages/ui: {}

  packages/utils: {}
